
Microsoft Visual Studio Solution File, Format Version 12.00
# Visual Studio Version 17
VisualStudioVersion = 17.10.34916.146
MinimumVisualStudioVersion = 10.0.40219.1
Project("{9A19103F-16F7-4668-BE54-9A1E7A4F7556}") = "DataAccess", "DataAccess\DataAccess.csproj", "{16BE7DE5-D018-43C5-B6BE-24E766D72609}"
EndProject
Project("{9A19103F-16F7-4668-BE54-9A1E7A4F7556}") = "BusinessLogic", "BusinessLogic\BusinessLogic.csproj", "{09C6623C-A436-49B6-905D-814CBEEB3D58}"
EndProject
Project("{9A19103F-16F7-4668-BE54-9A1E7A4F7556}") = "API", "API\API.csproj", "{98A40D91-D54A-47D2-9823-19E5C650F9AA}"
EndProject
Project("{54A90642-561A-4BB1-A94E-469ADEE60C69}") = "AngularUI", "AngularUI\AngularUI.esproj", "{4C720BDB-D063-430D-8EA7-C83AFD299845}"
EndProject
Project("{2150E333-8FDC-42A3-9474-1A3956D46DE8}") = "Solution Items", "Solution Items", "{2884EBA4-6B1E-4929-8E3F-AF96852DCC3A}"
	ProjectSection(SolutionItems) = preProject
		.gitignore = .gitignore
		LICENSE.txt = LICENSE.txt
		README.md = README.md
	EndProjectSection
EndProject
Global
	GlobalSection(SolutionConfigurationPlatforms) = preSolution
		Debug|Any CPU = Debug|Any CPU
		Release|Any CPU = Release|Any CPU
	EndGlobalSection
	GlobalSection(ProjectConfigurationPlatforms) = postSolution
		{16BE7DE5-D018-43C5-B6BE-24E766D72609}.Debug|Any CPU.ActiveCfg = Debug|Any CPU
		{16BE7DE5-D018-43C5-B6BE-24E766D72609}.Debug|Any CPU.Build.0 = Debug|Any CPU
		{16BE7DE5-D018-43C5-B6BE-24E766D72609}.Release|Any CPU.ActiveCfg = Release|Any CPU
		{16BE7DE5-D018-43C5-B6BE-24E766D72609}.Release|Any CPU.Build.0 = Release|Any CPU
		{09C6623C-A436-49B6-905D-814CBEEB3D58}.Debug|Any CPU.ActiveCfg = Debug|Any CPU
		{09C6623C-A436-49B6-905D-814CBEEB3D58}.Debug|Any CPU.Build.0 = Debug|Any CPU
		{09C6623C-A436-49B6-905D-814CBEEB3D58}.Release|Any CPU.ActiveCfg = Release|Any CPU
		{09C6623C-A436-49B6-905D-814CBEEB3D58}.Release|Any CPU.Build.0 = Release|Any CPU
		{98A40D91-D54A-47D2-9823-19E5C650F9AA}.Debug|Any CPU.ActiveCfg = Debug|Any CPU
		{98A40D91-D54A-47D2-9823-19E5C650F9AA}.Debug|Any CPU.Build.0 = Debug|Any CPU
		{98A40D91-D54A-47D2-9823-19E5C650F9AA}.Release|Any CPU.ActiveCfg = Release|Any CPU
		{98A40D91-D54A-47D2-9823-19E5C650F9AA}.Release|Any CPU.Build.0 = Release|Any CPU
		{4C720BDB-D063-430D-8EA7-C83AFD299845}.Debug|Any CPU.ActiveCfg = Debug|Any CPU
		{4C720BDB-D063-430D-8EA7-C83AFD299845}.Debug|Any CPU.Build.0 = Debug|Any CPU
		{4C720BDB-D063-430D-8EA7-C83AFD299845}.Debug|Any CPU.Deploy.0 = Debug|Any CPU
		{4C720BDB-D063-430D-8EA7-C83AFD299845}.Release|Any CPU.ActiveCfg = Release|Any CPU
		{4C720BDB-D063-430D-8EA7-C83AFD299845}.Release|Any CPU.Build.0 = Release|Any CPU
		{4C720BDB-D063-430D-8EA7-C83AFD299845}.Release|Any CPU.Deploy.0 = Release|Any CPU
	EndGlobalSection
	GlobalSection(SolutionProperties) = preSolution
		HideSolutionNode = FALSE
	EndGlobalSection
	GlobalSection(ExtensibilityGlobals) = postSolution
		SolutionGuid = {F4AC4282-7C58-4DC9-96DA-F12CE26754E1}
	EndGlobalSection
EndGlobal
